
Microsoft Visual Studio Solution File, Format Version 12.00
# Visual Studio Version 16
VisualStudioVersion = 16.0.30320.27
MinimumVisualStudioVersion = 10.0.40219.1
Project("{2150E333-8FDC-42A3-9474-1A3956D46DE8}") = "Logger", "Logger", "{231800C3-C46C-4AD0-B9DA-649F4EEF8D3C}"
EndProject
Project("{2150E333-8FDC-42A3-9474-1A3956D46DE8}") = "Test", "Test", "{AAEC7B4F-1C85-4957-A017-B0A21FABC1C7}"
EndProject
Project("{9A19103F-16F7-4668-BE54-9A1E7A4F7556}") = "Basics", "Basics\Basics.csproj", "{850E2FE0-7EF5-49BB-9A6A-1FBEA5C50F53}"
EndProject
Project("{9A19103F-16F7-4668-BE54-9A1E7A4F7556}") = "LogInterface", "Logger\LogInterface\LogInterface.csproj", "{15BE3493-1637-4296-B728-A2DD0F11DB5F}"
EndProject
Project("{9A19103F-16F7-4668-BE54-9A1E7A4F7556}") = "SimpleLog", "Logger\SimpleLog\SimpleLog.csproj", "{6790A35F-946F-4ECB-92AD-CDC10D556740}"
EndProject
Project("{00D1A9C2-B5F0-4AF3-8072-F6C62B433612}") = "LoggingDB", "Logger\LoggingDB\LoggingDB.sqlproj", "{FF039E98-AAC6-4665-B2E0-34EA0F82FB0C}"
EndProject
Project("{9A19103F-16F7-4668-BE54-9A1E7A4F7556}") = "TestExec", "Test\TestExec\TestExec.csproj", "{CF901D27-C980-4155-917C-8BCFF401E137}"
EndProject
Project("{FAE04EC0-301F-11D3-BF4B-00C04F79EFBC}") = "WWW3", "WWW3\WWW3.csproj", "{28DDA36F-16B7-4B9D-84C7-BED9F70A3914}"
EndProject
Global
	GlobalSection(SolutionConfigurationPlatforms) = preSolution
		Debug|Any CPU = Debug|Any CPU
		Release|Any CPU = Release|Any CPU
	EndGlobalSection
	GlobalSection(ProjectConfigurationPlatforms) = postSolution
		{850E2FE0-7EF5-49BB-9A6A-1FBEA5C50F53}.Debug|Any CPU.ActiveCfg = Debug|Any CPU
		{850E2FE0-7EF5-49BB-9A6A-1FBEA5C50F53}.Debug|Any CPU.Build.0 = Debug|Any CPU
		{850E2FE0-7EF5-49BB-9A6A-1FBEA5C50F53}.Release|Any CPU.ActiveCfg = Release|Any CPU
		{850E2FE0-7EF5-49BB-9A6A-1FBEA5C50F53}.Release|Any CPU.Build.0 = Release|Any CPU
		{15BE3493-1637-4296-B728-A2DD0F11DB5F}.Debug|Any CPU.ActiveCfg = Debug|Any CPU
		{15BE3493-1637-4296-B728-A2DD0F11DB5F}.Debug|Any CPU.Build.0 = Debug|Any CPU
		{15BE3493-1637-4296-B728-A2DD0F11DB5F}.Release|Any CPU.ActiveCfg = Release|Any CPU
		{15BE3493-1637-4296-B728-A2DD0F11DB5F}.Release|Any CPU.Build.0 = Release|Any CPU
		{6790A35F-946F-4ECB-92AD-CDC10D556740}.Debug|Any CPU.ActiveCfg = Debug|Any CPU
		{6790A35F-946F-4ECB-92AD-CDC10D556740}.Debug|Any CPU.Build.0 = Debug|Any CPU
		{6790A35F-946F-4ECB-92AD-CDC10D556740}.Release|Any CPU.ActiveCfg = Release|Any CPU
		{6790A35F-946F-4ECB-92AD-CDC10D556740}.Release|Any CPU.Build.0 = Release|Any CPU
		{FF039E98-AAC6-4665-B2E0-34EA0F82FB0C}.Debug|Any CPU.ActiveCfg = Debug|Any CPU
		{FF039E98-AAC6-4665-B2E0-34EA0F82FB0C}.Debug|Any CPU.Build.0 = Debug|Any CPU
		{FF039E98-AAC6-4665-B2E0-34EA0F82FB0C}.Debug|Any CPU.Deploy.0 = Debug|Any CPU
		{FF039E98-AAC6-4665-B2E0-34EA0F82FB0C}.Release|Any CPU.ActiveCfg = Release|Any CPU
		{FF039E98-AAC6-4665-B2E0-34EA0F82FB0C}.Release|Any CPU.Build.0 = Release|Any CPU
		{FF039E98-AAC6-4665-B2E0-34EA0F82FB0C}.Release|Any CPU.Deploy.0 = Release|Any CPU
		{CF901D27-C980-4155-917C-8BCFF401E137}.Debug|Any CPU.ActiveCfg = Debug|Any CPU
		{CF901D27-C980-4155-917C-8BCFF401E137}.Debug|Any CPU.Build.0 = Debug|Any CPU
		{CF901D27-C980-4155-917C-8BCFF401E137}.Release|Any CPU.ActiveCfg = Release|Any CPU
		{CF901D27-C980-4155-917C-8BCFF401E137}.Release|Any CPU.Build.0 = Release|Any CPU
		{28DDA36F-16B7-4B9D-84C7-BED9F70A3914}.Debug|Any CPU.ActiveCfg = Debug|Any CPU
		{28DDA36F-16B7-4B9D-84C7-BED9F70A3914}.Debug|Any CPU.Build.0 = Debug|Any CPU
		{28DDA36F-16B7-4B9D-84C7-BED9F70A3914}.Release|Any CPU.ActiveCfg = Release|Any CPU
		{28DDA36F-16B7-4B9D-84C7-BED9F70A3914}.Release|Any CPU.Build.0 = Release|Any CPU
	EndGlobalSection
	GlobalSection(SolutionProperties) = preSolution
		HideSolutionNode = FALSE
	EndGlobalSection
	GlobalSection(NestedProjects) = preSolution
		{15BE3493-1637-4296-B728-A2DD0F11DB5F} = {231800C3-C46C-4AD0-B9DA-649F4EEF8D3C}
		{6790A35F-946F-4ECB-92AD-CDC10D556740} = {231800C3-C46C-4AD0-B9DA-649F4EEF8D3C}
		{FF039E98-AAC6-4665-B2E0-34EA0F82FB0C} = {231800C3-C46C-4AD0-B9DA-649F4EEF8D3C}
		{CF901D27-C980-4155-917C-8BCFF401E137} = {AAEC7B4F-1C85-4957-A017-B0A21FABC1C7}
	EndGlobalSection
	GlobalSection(ExtensibilityGlobals) = postSolution
		SolutionGuid = {432DB886-EB7E-48C9-BBAE-4C18E7388BD4}
	EndGlobalSection
EndGlobal
