
Microsoft Visual Studio Solution File, Format Version 12.00
# Visual Studio Version 16
VisualStudioVersion = 16.0.30320.27
MinimumVisualStudioVersion = 10.0.40219.1
Project("{FAE04EC0-301F-11D3-BF4B-00C04F79EFBC}") = "WWW", "WWW\WWW.csproj", "{89F58563-5AFC-4A60-8C69-6205146D5891}"
EndProject
Project("{2150E333-8FDC-42A3-9474-1A3956D46DE8}") = "Log", "Log", "{231800C3-C46C-4AD0-B9DA-649F4EEF8D3C}"
EndProject
Project("{2150E333-8FDC-42A3-9474-1A3956D46DE8}") = "Test", "Test", "{AAEC7B4F-1C85-4957-A017-B0A21FABC1C7}"
EndProject
Project("{9A19103F-16F7-4668-BE54-9A1E7A4F7556}") = "LogInterface", "Log\LogInterface\LogInterface.csproj", "{B793BBFB-9A9A-414D-A50D-087F00DCC016}"
EndProject
Project("{9A19103F-16F7-4668-BE54-9A1E7A4F7556}") = "SimpleLog", "Log\SimpleLog\SimpleLog.csproj", "{4AE06B4B-85E9-49BF-9DEA-307D601A2B1A}"
EndProject
Project("{FAE04EC0-301F-11D3-BF4B-00C04F79EFBC}") = "Basics", "Basics\Basics.csproj", "{850E2FE0-7EF5-49BB-9A6A-1FBEA5C50F53}"
EndProject
Global
	GlobalSection(SolutionConfigurationPlatforms) = preSolution
		Debug|Any CPU = Debug|Any CPU
		Release|Any CPU = Release|Any CPU
	EndGlobalSection
	GlobalSection(ProjectConfigurationPlatforms) = postSolution
		{89F58563-5AFC-4A60-8C69-6205146D5891}.Debug|Any CPU.ActiveCfg = Debug|Any CPU
		{89F58563-5AFC-4A60-8C69-6205146D5891}.Debug|Any CPU.Build.0 = Debug|Any CPU
		{89F58563-5AFC-4A60-8C69-6205146D5891}.Release|Any CPU.ActiveCfg = Release|Any CPU
		{89F58563-5AFC-4A60-8C69-6205146D5891}.Release|Any CPU.Build.0 = Release|Any CPU
		{B793BBFB-9A9A-414D-A50D-087F00DCC016}.Debug|Any CPU.ActiveCfg = Debug|Any CPU
		{B793BBFB-9A9A-414D-A50D-087F00DCC016}.Debug|Any CPU.Build.0 = Debug|Any CPU
		{B793BBFB-9A9A-414D-A50D-087F00DCC016}.Release|Any CPU.ActiveCfg = Release|Any CPU
		{B793BBFB-9A9A-414D-A50D-087F00DCC016}.Release|Any CPU.Build.0 = Release|Any CPU
		{4AE06B4B-85E9-49BF-9DEA-307D601A2B1A}.Debug|Any CPU.ActiveCfg = Debug|Any CPU
		{4AE06B4B-85E9-49BF-9DEA-307D601A2B1A}.Debug|Any CPU.Build.0 = Debug|Any CPU
		{4AE06B4B-85E9-49BF-9DEA-307D601A2B1A}.Release|Any CPU.ActiveCfg = Release|Any CPU
		{4AE06B4B-85E9-49BF-9DEA-307D601A2B1A}.Release|Any CPU.Build.0 = Release|Any CPU
		{850E2FE0-7EF5-49BB-9A6A-1FBEA5C50F53}.Debug|Any CPU.ActiveCfg = Debug|Any CPU
		{850E2FE0-7EF5-49BB-9A6A-1FBEA5C50F53}.Debug|Any CPU.Build.0 = Debug|Any CPU
		{850E2FE0-7EF5-49BB-9A6A-1FBEA5C50F53}.Release|Any CPU.ActiveCfg = Release|Any CPU
		{850E2FE0-7EF5-49BB-9A6A-1FBEA5C50F53}.Release|Any CPU.Build.0 = Release|Any CPU
	EndGlobalSection
	GlobalSection(SolutionProperties) = preSolution
		HideSolutionNode = FALSE
	EndGlobalSection
	GlobalSection(NestedProjects) = preSolution
		{B793BBFB-9A9A-414D-A50D-087F00DCC016} = {231800C3-C46C-4AD0-B9DA-649F4EEF8D3C}
		{4AE06B4B-85E9-49BF-9DEA-307D601A2B1A} = {231800C3-C46C-4AD0-B9DA-649F4EEF8D3C}
	EndGlobalSection
	GlobalSection(ExtensibilityGlobals) = postSolution
		SolutionGuid = {432DB886-EB7E-48C9-BBAE-4C18E7388BD4}
	EndGlobalSection
EndGlobal
